// !$*UTF8*$!
{
	archiveVersion = 1;
	classes = {
	};
	objectVersion = 56;
	objects = {

/* Begin PBXBuildFile section */
		D52DFD5F2C040B4D000E6B22 /* LandingPage.swift in Sources */ = {isa = PBXBuildFile; fileRef = D52DFD5E2C040B4D000E6B22 /* LandingPage.swift */; };
		D52DFD612C040B94000E6B22 /* HomeView.swift in Sources */ = {isa = PBXBuildFile; fileRef = D52DFD602C040B94000E6B22 /* HomeView.swift */; };
		D52DFD632C040C53000E6B22 /* YourDownloadsView.swift in Sources */ = {isa = PBXBuildFile; fileRef = D52DFD622C040C53000E6B22 /* YourDownloadsView.swift */; };
		D52DFD652C040CC2000E6B22 /* YourUploadsView.swift in Sources */ = {isa = PBXBuildFile; fileRef = D52DFD642C040CC2000E6B22 /* YourUploadsView.swift */; };
		D52DFD672C040D1F000E6B22 /* UserListView.swift in Sources */ = {isa = PBXBuildFile; fileRef = D52DFD662C040D1F000E6B22 /* UserListView.swift */; };
		D52DFD692C040D5D000E6B22 /* UserList1View.swift in Sources */ = {isa = PBXBuildFile; fileRef = D52DFD682C040D5D000E6B22 /* UserList1View.swift */; };
		D52DFD6B2C040D99000E6B22 /* UserProfileView.swift in Sources */ = {isa = PBXBuildFile; fileRef = D52DFD6A2C040D99000E6B22 /* UserProfileView.swift */; };
		D52DFD6D2C040DF8000E6B22 /* SearchPageView.swift in Sources */ = {isa = PBXBuildFile; fileRef = D52DFD6C2C040DF8000E6B22 /* SearchPageView.swift */; };
		D52DFD712C06FD1A000E6B22 /* StoryModel.swift in Sources */ = {isa = PBXBuildFile; fileRef = D52DFD702C06FD1A000E6B22 /* StoryModel.swift */; };
		D598A8142BFCBD46004DAF3E /* Poppins in Resources */ = {isa = PBXBuildFile; fileRef = D598A8132BFCBD46004DAF3E /* Poppins */; };
		D59C0D842C034BD200014B28 /* AuthViewModel.swift in Sources */ = {isa = PBXBuildFile; fileRef = D59C0D832C034BD200014B28 /* AuthViewModel.swift */; };
		D5A70DDC2BFCB5D600AEFF7E /* zoopleApp.swift in Sources */ = {isa = PBXBuildFile; fileRef = D5A70DDB2BFCB5D600AEFF7E /* zoopleApp.swift */; };
		D5A70DDE2BFCB5D600AEFF7E /* ContentView.swift in Sources */ = {isa = PBXBuildFile; fileRef = D5A70DDD2BFCB5D600AEFF7E /* ContentView.swift */; };
		D5A70DE02BFCB5D700AEFF7E /* Assets.xcassets in Resources */ = {isa = PBXBuildFile; fileRef = D5A70DDF2BFCB5D700AEFF7E /* Assets.xcassets */; };
		D5A70DE32BFCB5D700AEFF7E /* Preview Assets.xcassets in Resources */ = {isa = PBXBuildFile; fileRef = D5A70DE22BFCB5D700AEFF7E /* Preview Assets.xcassets */; };
		D5A70DEA2BFCBB6B00AEFF7E /* LoginScreen.swift in Sources */ = {isa = PBXBuildFile; fileRef = D5A70DE92BFCBB6B00AEFF7E /* LoginScreen.swift */; };
		D5CD2C202BFDD9E700E66235 /* Registrationscreen.swift in Sources */ = {isa = PBXBuildFile; fileRef = D5CD2C1F2BFDD9E700E66235 /* Registrationscreen.swift */; };
		D5CD2C222BFDDBE700E66235 /* AddProfilePhotoScreen.swift in Sources */ = {isa = PBXBuildFile; fileRef = D5CD2C212BFDDBE700E66235 /* AddProfilePhotoScreen.swift */; };
		D5CD2C262BFDE58000E66235 /* SelectAgeScreen.swift in Sources */ = {isa = PBXBuildFile; fileRef = D5CD2C252BFDE58000E66235 /* SelectAgeScreen.swift */; };
		D5CD2C282BFDE98F00E66235 /* AddInterests.swift in Sources */ = {isa = PBXBuildFile; fileRef = D5CD2C272BFDE98F00E66235 /* AddInterests.swift */; };
		D5CD2C2A2BFDF0BC00E66235 /* CompletionScreen.swift in Sources */ = {isa = PBXBuildFile; fileRef = D5CD2C292BFDF0BC00E66235 /* CompletionScreen.swift */; };
		D5CD2C342BFE0A1B00E66235 /* OnboardingView.swift in Sources */ = {isa = PBXBuildFile; fileRef = D5CD2C332BFE0A1B00E66235 /* OnboardingView.swift */; };
		D5CD2C362BFE187800E66235 /* GoogleService-Info.plist in Resources */ = {isa = PBXBuildFile; fileRef = D5CD2C352BFE187800E66235 /* GoogleService-Info.plist */; };
		D5CD2C392BFE197400E66235 /* FirebaseAuth in Frameworks */ = {isa = PBXBuildFile; productRef = D5CD2C382BFE197400E66235 /* FirebaseAuth */; };
		D5CD2C3B2BFE197400E66235 /* FirebaseFirestore in Frameworks */ = {isa = PBXBuildFile; productRef = D5CD2C3A2BFE197400E66235 /* FirebaseFirestore */; };
		D5CD2C3D2BFE197400E66235 /* FirebaseFirestoreSwift in Frameworks */ = {isa = PBXBuildFile; productRef = D5CD2C3C2BFE197400E66235 /* FirebaseFirestoreSwift */; };
		D5CD2C3F2BFE197400E66235 /* FirebaseMessaging in Frameworks */ = {isa = PBXBuildFile; productRef = D5CD2C3E2BFE197400E66235 /* FirebaseMessaging */; };
		D5E1B5732C17143A0046F84E /* ImagePicker.swift in Sources */ = {isa = PBXBuildFile; fileRef = D5E1B5722C17143A0046F84E /* ImagePicker.swift */; };
/* End PBXBuildFile section */

/* Begin PBXFileReference section */
		D52DFD5E2C040B4D000E6B22 /* LandingPage.swift */ = {isa = PBXFileReference; lastKnownFileType = sourcecode.swift; path = LandingPage.swift; sourceTree = "<group>"; };
		D52DFD602C040B94000E6B22 /* HomeView.swift */ = {isa = PBXFileReference; lastKnownFileType = sourcecode.swift; path = HomeView.swift; sourceTree = "<group>"; };
		D52DFD622C040C53000E6B22 /* YourDownloadsView.swift */ = {isa = PBXFileReference; lastKnownFileType = sourcecode.swift; path = YourDownloadsView.swift; sourceTree = "<group>"; };
		D52DFD642C040CC2000E6B22 /* YourUploadsView.swift */ = {isa = PBXFileReference; lastKnownFileType = sourcecode.swift; path = YourUploadsView.swift; sourceTree = "<group>"; };
		D52DFD662C040D1F000E6B22 /* UserListView.swift */ = {isa = PBXFileReference; lastKnownFileType = sourcecode.swift; path = UserListView.swift; sourceTree = "<group>"; };
		D52DFD682C040D5D000E6B22 /* UserList1View.swift */ = {isa = PBXFileReference; lastKnownFileType = sourcecode.swift; path = UserList1View.swift; sourceTree = "<group>"; };
		D52DFD6A2C040D99000E6B22 /* UserProfileView.swift */ = {isa = PBXFileReference; lastKnownFileType = sourcecode.swift; path = UserProfileView.swift; sourceTree = "<group>"; };
		D52DFD6C2C040DF8000E6B22 /* SearchPageView.swift */ = {isa = PBXFileReference; lastKnownFileType = sourcecode.swift; path = SearchPageView.swift; sourceTree = "<group>"; };
		D52DFD702C06FD1A000E6B22 /* StoryModel.swift */ = {isa = PBXFileReference; lastKnownFileType = sourcecode.swift; path = StoryModel.swift; sourceTree = "<group>"; };
		D598A8132BFCBD46004DAF3E /* Poppins */ = {isa = PBXFileReference; lastKnownFileType = folder; path = Poppins; sourceTree = "<group>"; };
		D59C0D832C034BD200014B28 /* AuthViewModel.swift */ = {isa = PBXFileReference; lastKnownFileType = sourcecode.swift; path = AuthViewModel.swift; sourceTree = "<group>"; };
		D5A70DD82BFCB5D600AEFF7E /* zoople.app */ = {isa = PBXFileReference; explicitFileType = wrapper.application; includeInIndex = 0; path = zoople.app; sourceTree = BUILT_PRODUCTS_DIR; };
		D5A70DDB2BFCB5D600AEFF7E /* zoopleApp.swift */ = {isa = PBXFileReference; lastKnownFileType = sourcecode.swift; path = zoopleApp.swift; sourceTree = "<group>"; };
		D5A70DDD2BFCB5D600AEFF7E /* ContentView.swift */ = {isa = PBXFileReference; lastKnownFileType = sourcecode.swift; path = ContentView.swift; sourceTree = "<group>"; };
		D5A70DDF2BFCB5D700AEFF7E /* Assets.xcassets */ = {isa = PBXFileReference; lastKnownFileType = folder.assetcatalog; path = Assets.xcassets; sourceTree = "<group>"; };
		D5A70DE22BFCB5D700AEFF7E /* Preview Assets.xcassets */ = {isa = PBXFileReference; lastKnownFileType = folder.assetcatalog; path = "Preview Assets.xcassets"; sourceTree = "<group>"; };
		D5A70DE92BFCBB6B00AEFF7E /* LoginScreen.swift */ = {isa = PBXFileReference; lastKnownFileType = sourcecode.swift; path = LoginScreen.swift; sourceTree = "<group>"; };
		D5CD2C1F2BFDD9E700E66235 /* Registrationscreen.swift */ = {isa = PBXFileReference; lastKnownFileType = sourcecode.swift; path = Registrationscreen.swift; sourceTree = "<group>"; };
		D5CD2C212BFDDBE700E66235 /* AddProfilePhotoScreen.swift */ = {isa = PBXFileReference; lastKnownFileType = sourcecode.swift; path = AddProfilePhotoScreen.swift; sourceTree = "<group>"; };
		D5CD2C252BFDE58000E66235 /* SelectAgeScreen.swift */ = {isa = PBXFileReference; fileEncoding = 4; lastKnownFileType = sourcecode.swift; path = SelectAgeScreen.swift; sourceTree = "<group>"; };
		D5CD2C272BFDE98F00E66235 /* AddInterests.swift */ = {isa = PBXFileReference; lastKnownFileType = sourcecode.swift; path = AddInterests.swift; sourceTree = "<group>"; };
		D5CD2C292BFDF0BC00E66235 /* CompletionScreen.swift */ = {isa = PBXFileReference; lastKnownFileType = sourcecode.swift; path = CompletionScreen.swift; sourceTree = "<group>"; };
		D5CD2C332BFE0A1B00E66235 /* OnboardingView.swift */ = {isa = PBXFileReference; lastKnownFileType = sourcecode.swift; path = OnboardingView.swift; sourceTree = "<group>"; };
		D5CD2C352BFE187800E66235 /* GoogleService-Info.plist */ = {isa = PBXFileReference; fileEncoding = 4; lastKnownFileType = text.plist.xml; path = "GoogleService-Info.plist"; sourceTree = "<group>"; };
		D5E1B5722C17143A0046F84E /* ImagePicker.swift */ = {isa = PBXFileReference; lastKnownFileType = sourcecode.swift; path = ImagePicker.swift; sourceTree = "<group>"; };
/* End PBXFileReference section */

/* Begin PBXFrameworksBuildPhase section */
		D5A70DD52BFCB5D600AEFF7E /* Frameworks */ = {
			isa = PBXFrameworksBuildPhase;
			buildActionMask = 2147483647;
			files = (
				D5CD2C3F2BFE197400E66235 /* FirebaseMessaging in Frameworks */,
				D5CD2C392BFE197400E66235 /* FirebaseAuth in Frameworks */,
				D5CD2C3B2BFE197400E66235 /* FirebaseFirestore in Frameworks */,
				D5CD2C3D2BFE197400E66235 /* FirebaseFirestoreSwift in Frameworks */,
			);
			runOnlyForDeploymentPostprocessing = 0;
		};
/* End PBXFrameworksBuildPhase section */

/* Begin PBXGroup section */
		D5A70DCF2BFCB5D600AEFF7E = {
			isa = PBXGroup;
			children = (
				D5A70DDA2BFCB5D600AEFF7E /* zoople */,
				D5A70DD92BFCB5D600AEFF7E /* Products */,
			);
			sourceTree = "<group>";
		};
		D5A70DD92BFCB5D600AEFF7E /* Products */ = {
			isa = PBXGroup;
			children = (
				D5A70DD82BFCB5D600AEFF7E /* zoople.app */,
			);
			name = Products;
			sourceTree = "<group>";
		};
		D5A70DDA2BFCB5D600AEFF7E /* zoople */ = {
			isa = PBXGroup;
			children = (
				D5A70DDB2BFCB5D600AEFF7E /* zoopleApp.swift */,
				D5A70DDD2BFCB5D600AEFF7E /* ContentView.swift */,
				D5E1B5722C17143A0046F84E /* ImagePicker.swift */,
				D5A70DE92BFCBB6B00AEFF7E /* LoginScreen.swift */,
				D5CD2C1F2BFDD9E700E66235 /* Registrationscreen.swift */,
				D5CD2C212BFDDBE700E66235 /* AddProfilePhotoScreen.swift */,
				D5CD2C332BFE0A1B00E66235 /* OnboardingView.swift */,
				D5CD2C252BFDE58000E66235 /* SelectAgeScreen.swift */,
				D5CD2C272BFDE98F00E66235 /* AddInterests.swift */,
				D5CD2C292BFDF0BC00E66235 /* CompletionScreen.swift */,
				D52DFD5E2C040B4D000E6B22 /* LandingPage.swift */,
				D59C0D832C034BD200014B28 /* AuthViewModel.swift */,
				D52DFD702C06FD1A000E6B22 /* StoryModel.swift */,
				D5A70DDF2BFCB5D700AEFF7E /* Assets.xcassets */,
				D5CD2C352BFE187800E66235 /* GoogleService-Info.plist */,
				D598A8132BFCBD46004DAF3E /* Poppins */,
				D5A70DE12BFCB5D700AEFF7E /* Preview Content */,
				D52DFD602C040B94000E6B22 /* HomeView.swift */,
				D52DFD622C040C53000E6B22 /* YourDownloadsView.swift */,
				D52DFD642C040CC2000E6B22 /* YourUploadsView.swift */,
				D52DFD662C040D1F000E6B22 /* UserListView.swift */,
				D52DFD682C040D5D000E6B22 /* UserList1View.swift */,
				D52DFD6A2C040D99000E6B22 /* UserProfileView.swift */,
				D52DFD6C2C040DF8000E6B22 /* SearchPageView.swift */,
			);
			path = zoople;
			sourceTree = "<group>";
		};
		D5A70DE12BFCB5D700AEFF7E /* Preview Content */ = {
			isa = PBXGroup;
			children = (
				D5A70DE22BFCB5D700AEFF7E /* Preview Assets.xcassets */,
			);
			path = "Preview Content";
			sourceTree = "<group>";
		};
/* End PBXGroup section */

/* Begin PBXNativeTarget section */
		D5A70DD72BFCB5D600AEFF7E /* zoople */ = {
			isa = PBXNativeTarget;
			buildConfigurationList = D5A70DE62BFCB5D700AEFF7E /* Build configuration list for PBXNativeTarget "zoople" */;
			buildPhases = (
				D5A70DD42BFCB5D600AEFF7E /* Sources */,
				D5A70DD52BFCB5D600AEFF7E /* Frameworks */,
				D5A70DD62BFCB5D600AEFF7E /* Resources */,
			);
			buildRules = (
			);
			dependencies = (
			);
			name = zoople;
			packageProductDependencies = (
				D5CD2C382BFE197400E66235 /* FirebaseAuth */,
				D5CD2C3A2BFE197400E66235 /* FirebaseFirestore */,
				D5CD2C3C2BFE197400E66235 /* FirebaseFirestoreSwift */,
				D5CD2C3E2BFE197400E66235 /* FirebaseMessaging */,
			);
			productName = zoople;
			productReference = D5A70DD82BFCB5D600AEFF7E /* zoople.app */;
			productType = "com.apple.product-type.application";
		};
/* End PBXNativeTarget section */

/* Begin PBXProject section */
		D5A70DD02BFCB5D600AEFF7E /* Project object */ = {
			isa = PBXProject;
			attributes = {
				BuildIndependentTargetsInParallel = 1;
				LastSwiftUpdateCheck = 1530;
				LastUpgradeCheck = 1530;
				TargetAttributes = {
					D5A70DD72BFCB5D600AEFF7E = {
						CreatedOnToolsVersion = 15.3;
					};
				};
			};
			buildConfigurationList = D5A70DD32BFCB5D600AEFF7E /* Build configuration list for PBXProject "zoople" */;
			compatibilityVersion = "Xcode 14.0";
			developmentRegion = en;
			hasScannedForEncodings = 0;
			knownRegions = (
				en,
				Base,
			);
			mainGroup = D5A70DCF2BFCB5D600AEFF7E;
			packageReferences = (
				D5CD2C372BFE197400E66235 /* XCRemoteSwiftPackageReference "firebase-ios-sdk" */,
			);
			productRefGroup = D5A70DD92BFCB5D600AEFF7E /* Products */;
			projectDirPath = "";
			projectRoot = "";
			targets = (
				D5A70DD72BFCB5D600AEFF7E /* zoople */,
			);
		};
/* End PBXProject section */

/* Begin PBXResourcesBuildPhase section */
		D5A70DD62BFCB5D600AEFF7E /* Resources */ = {
			isa = PBXResourcesBuildPhase;
			buildActionMask = 2147483647;
			files = (
				D598A8142BFCBD46004DAF3E /* Poppins in Resources */,
				D5A70DE32BFCB5D700AEFF7E /* Preview Assets.xcassets in Resources */,
				D5A70DE02BFCB5D700AEFF7E /* Assets.xcassets in Resources */,
				D5CD2C362BFE187800E66235 /* GoogleService-Info.plist in Resources */,
			);
			runOnlyForDeploymentPostprocessing = 0;
		};
/* End PBXResourcesBuildPhase section */

/* Begin PBXSourcesBuildPhase section */
		D5A70DD42BFCB5D600AEFF7E /* Sources */ = {
			isa = PBXSourcesBuildPhase;
			buildActionMask = 2147483647;
			files = (
				D59C0D842C034BD200014B28 /* AuthViewModel.swift in Sources */,
				D52DFD672C040D1F000E6B22 /* UserListView.swift in Sources */,
				D5A70DDE2BFCB5D600AEFF7E /* ContentView.swift in Sources */,
				D5CD2C262BFDE58000E66235 /* SelectAgeScreen.swift in Sources */,
				D5CD2C222BFDDBE700E66235 /* AddProfilePhotoScreen.swift in Sources */,
				D52DFD692C040D5D000E6B22 /* UserList1View.swift in Sources */,
				D52DFD632C040C53000E6B22 /* YourDownloadsView.swift in Sources */,
				D52DFD6D2C040DF8000E6B22 /* SearchPageView.swift in Sources */,
				D5CD2C342BFE0A1B00E66235 /* OnboardingView.swift in Sources */,
				D5CD2C2A2BFDF0BC00E66235 /* CompletionScreen.swift in Sources */,
				D5CD2C282BFDE98F00E66235 /* AddInterests.swift in Sources */,
				D52DFD712C06FD1A000E6B22 /* StoryModel.swift in Sources */,
				D52DFD6B2C040D99000E6B22 /* UserProfileView.swift in Sources */,
				D52DFD5F2C040B4D000E6B22 /* LandingPage.swift in Sources */,
				D5A70DDC2BFCB5D600AEFF7E /* zoopleApp.swift in Sources */,
				D52DFD612C040B94000E6B22 /* HomeView.swift in Sources */,
				D5CD2C202BFDD9E700E66235 /* Registrationscreen.swift in Sources */,
				D5E1B5732C17143A0046F84E /* ImagePicker.swift in Sources */,
				D52DFD652C040CC2000E6B22 /* YourUploadsView.swift in Sources */,
				D5A70DEA2BFCBB6B00AEFF7E /* LoginScreen.swift in Sources */,
			);
			runOnlyForDeploymentPostprocessing = 0;
		};
/* End PBXSourcesBuildPhase section */

/* Begin XCBuildConfiguration section */
		D5A70DE42BFCB5D700AEFF7E /* Debug */ = {
			isa = XCBuildConfiguration;
			buildSettings = {
				ALWAYS_SEARCH_USER_PATHS = NO;
				ASSETCATALOG_COMPILER_GENERATE_SWIFT_ASSET_SYMBOL_EXTENSIONS = YES;
				CLANG_ANALYZER_NONNULL = YES;
				CLANG_ANALYZER_NUMBER_OBJECT_CONVERSION = YES_AGGRESSIVE;
				CLANG_CXX_LANGUAGE_STANDARD = "gnu++20";
				CLANG_ENABLE_MODULES = YES;
				CLANG_ENABLE_OBJC_ARC = YES;
				CLANG_ENABLE_OBJC_WEAK = YES;
				CLANG_WARN_BLOCK_CAPTURE_AUTORELEASING = YES;
				CLANG_WARN_BOOL_CONVERSION = YES;
				CLANG_WARN_COMMA = YES;
				CLANG_WARN_CONSTANT_CONVERSION = YES;
				CLANG_WARN_DEPRECATED_OBJC_IMPLEMENTATIONS = YES;
				CLANG_WARN_DIRECT_OBJC_ISA_USAGE = YES_ERROR;
				CLANG_WARN_DOCUMENTATION_COMMENTS = YES;
				CLANG_WARN_EMPTY_BODY = YES;
				CLANG_WARN_ENUM_CONVERSION = YES;
				CLANG_WARN_INFINITE_RECURSION = YES;
				CLANG_WARN_INT_CONVERSION = YES;
				CLANG_WARN_NON_LITERAL_NULL_CONVERSION = YES;
				CLANG_WARN_OBJC_IMPLICIT_RETAIN_SELF = YES;
				CLANG_WARN_OBJC_LITERAL_CONVERSION = YES;
				CLANG_WARN_OBJC_ROOT_CLASS = YES_ERROR;
				CLANG_WARN_QUOTED_INCLUDE_IN_FRAMEWORK_HEADER = YES;
				CLANG_WARN_RANGE_LOOP_ANALYSIS = YES;
				CLANG_WARN_STRICT_PROTOTYPES = YES;
				CLANG_WARN_SUSPICIOUS_MOVE = YES;
				CLANG_WARN_UNGUARDED_AVAILABILITY = YES_AGGRESSIVE;
				CLANG_WARN_UNREACHABLE_CODE = YES;
				CLANG_WARN__DUPLICATE_METHOD_MATCH = YES;
				COPY_PHASE_STRIP = NO;
				DEBUG_INFORMATION_FORMAT = dwarf;
				ENABLE_STRICT_OBJC_MSGSEND = YES;
				ENABLE_TESTABILITY = YES;
				ENABLE_USER_SCRIPT_SANDBOXING = YES;
				GCC_C_LANGUAGE_STANDARD = gnu17;
				GCC_DYNAMIC_NO_PIC = NO;
				GCC_NO_COMMON_BLOCKS = YES;
				GCC_OPTIMIZATION_LEVEL = 0;
				GCC_PREPROCESSOR_DEFINITIONS = (
					"DEBUG=1",
					"$(inherited)",
				);
				GCC_WARN_64_TO_32_BIT_CONVERSION = YES;
				GCC_WARN_ABOUT_RETURN_TYPE = YES_ERROR;
				GCC_WARN_UNDECLARED_SELECTOR = YES;
				GCC_WARN_UNINITIALIZED_AUTOS = YES_AGGRESSIVE;
				GCC_WARN_UNUSED_FUNCTION = YES;
				GCC_WARN_UNUSED_VARIABLE = YES;
				IPHONEOS_DEPLOYMENT_TARGET = 17.4;
				LOCALIZATION_PREFERS_STRING_CATALOGS = YES;
				MTL_ENABLE_DEBUG_INFO = INCLUDE_SOURCE;
				MTL_FAST_MATH = YES;
				ONLY_ACTIVE_ARCH = YES;
				SDKROOT = iphoneos;
				SWIFT_ACTIVE_COMPILATION_CONDITIONS = "DEBUG $(inherited)";
				SWIFT_OPTIMIZATION_LEVEL = "-Onone";
			};
			name = Debug;
		};
		D5A70DE52BFCB5D700AEFF7E /* Release */ = {
			isa = XCBuildConfiguration;
			buildSettings = {
				ALWAYS_SEARCH_USER_PATHS = NO;
				ASSETCATALOG_COMPILER_GENERATE_SWIFT_ASSET_SYMBOL_EXTENSIONS = YES;
				CLANG_ANALYZER_NONNULL = YES;
				CLANG_ANALYZER_NUMBER_OBJECT_CONVERSION = YES_AGGRESSIVE;
				CLANG_CXX_LANGUAGE_STANDARD = "gnu++20";
				CLANG_ENABLE_MODULES = YES;
				CLANG_ENABLE_OBJC_ARC = YES;
				CLANG_ENABLE_OBJC_WEAK = YES;
				CLANG_WARN_BLOCK_CAPTURE_AUTORELEASING = YES;
				CLANG_WARN_BOOL_CONVERSION = YES;
				CLANG_WARN_COMMA = YES;
				CLANG_WARN_CONSTANT_CONVERSION = YES;
				CLANG_WARN_DEPRECATED_OBJC_IMPLEMENTATIONS = YES;
				CLANG_WARN_DIRECT_OBJC_ISA_USAGE = YES_ERROR;
				CLANG_WARN_DOCUMENTATION_COMMENTS = YES;
				CLANG_WARN_EMPTY_BODY = YES;
				CLANG_WARN_ENUM_CONVERSION = YES;
				CLANG_WARN_INFINITE_RECURSION = YES;
				CLANG_WARN_INT_CONVERSION = YES;
				CLANG_WARN_NON_LITERAL_NULL_CONVERSION = YES;
				CLANG_WARN_OBJC_IMPLICIT_RETAIN_SELF = YES;
				CLANG_WARN_OBJC_LITERAL_CONVERSION = YES;
				CLANG_WARN_OBJC_ROOT_CLASS = YES_ERROR;
				CLANG_WARN_QUOTED_INCLUDE_IN_FRAMEWORK_HEADER = YES;
				CLANG_WARN_RANGE_LOOP_ANALYSIS = YES;
				CLANG_WARN_STRICT_PROTOTYPES = YES;
				CLANG_WARN_SUSPICIOUS_MOVE = YES;
				CLANG_WARN_UNGUARDED_AVAILABILITY = YES_AGGRESSIVE;
				CLANG_WARN_UNREACHABLE_CODE = YES;
				CLANG_WARN__DUPLICATE_METHOD_MATCH = YES;
				COPY_PHASE_STRIP = NO;
				DEBUG_INFORMATION_FORMAT = "dwarf-with-dsym";
				ENABLE_NS_ASSERTIONS = NO;
				ENABLE_STRICT_OBJC_MSGSEND = YES;
				ENABLE_USER_SCRIPT_SANDBOXING = YES;
				GCC_C_LANGUAGE_STANDARD = gnu17;
				GCC_NO_COMMON_BLOCKS = YES;
				GCC_WARN_64_TO_32_BIT_CONVERSION = YES;
				GCC_WARN_ABOUT_RETURN_TYPE = YES_ERROR;
				GCC_WARN_UNDECLARED_SELECTOR = YES;
				GCC_WARN_UNINITIALIZED_AUTOS = YES_AGGRESSIVE;
				GCC_WARN_UNUSED_FUNCTION = YES;
				GCC_WARN_UNUSED_VARIABLE = YES;
				IPHONEOS_DEPLOYMENT_TARGET = 17.4;
				LOCALIZATION_PREFERS_STRING_CATALOGS = YES;
				MTL_ENABLE_DEBUG_INFO = NO;
				MTL_FAST_MATH = YES;
				SDKROOT = iphoneos;
				SWIFT_COMPILATION_MODE = wholemodule;
				VALIDATE_PRODUCT = YES;
			};
			name = Release;
		};
		D5A70DE72BFCB5D700AEFF7E /* Debug */ = {
			isa = XCBuildConfiguration;
			buildSettings = {
				ASSETCATALOG_COMPILER_APPICON_NAME = AppIcon;
				ASSETCATALOG_COMPILER_GLOBAL_ACCENT_COLOR_NAME = AccentColor;
				CODE_SIGN_STYLE = Automatic;
				CURRENT_PROJECT_VERSION = 1;
				DEVELOPMENT_ASSET_PATHS = "\"zoople/Preview Content\"";
				ENABLE_PREVIEWS = YES;
				GENERATE_INFOPLIST_FILE = YES;
				INFOPLIST_KEY_UIApplicationSceneManifest_Generation = YES;
				INFOPLIST_KEY_UIApplicationSupportsIndirectInputEvents = YES;
				INFOPLIST_KEY_UILaunchScreen_Generation = YES;
				INFOPLIST_KEY_UISupportedInterfaceOrientations_iPad = "UIInterfaceOrientationPortrait UIInterfaceOrientationPortraitUpsideDown UIInterfaceOrientationLandscapeLeft UIInterfaceOrientationLandscapeRight";
				INFOPLIST_KEY_UISupportedInterfaceOrientations_iPhone = "UIInterfaceOrientationPortrait UIInterfaceOrientationLandscapeLeft UIInterfaceOrientationLandscapeRight";
				LD_RUNPATH_SEARCH_PATHS = (
					"$(inherited)",
					"@executable_path/Frameworks",
				);
				MARKETING_VERSION = 1.0;
				PRODUCT_BUNDLE_IDENTIFIER = com.younuzbn.zoople;
				PRODUCT_NAME = "$(TARGET_NAME)";
				SWIFT_EMIT_LOC_STRINGS = YES;
				SWIFT_VERSION = 5.0;
				TARGETED_DEVICE_FAMILY = "1,2";
			};
			name = Debug;
		};
		D5A70DE82BFCB5D700AEFF7E /* Release */ = {
			isa = XCBuildConfiguration;
			buildSettings = {
				ASSETCATALOG_COMPILER_APPICON_NAME = AppIcon;
				ASSETCATALOG_COMPILER_GLOBAL_ACCENT_COLOR_NAME = AccentColor;
				CODE_SIGN_STYLE = Automatic;
				CURRENT_PROJECT_VERSION = 1;
				DEVELOPMENT_ASSET_PATHS = "\"zoople/Preview Content\"";
				ENABLE_PREVIEWS = YES;
				GENERATE_INFOPLIST_FILE = YES;
				INFOPLIST_KEY_UIApplicationSceneManifest_Generation = YES;
				INFOPLIST_KEY_UIApplicationSupportsIndirectInputEvents = YES;
				INFOPLIST_KEY_UILaunchScreen_Generation = YES;
				INFOPLIST_KEY_UISupportedInterfaceOrientations_iPad = "UIInterfaceOrientationPortrait UIInterfaceOrientationPortraitUpsideDown UIInterfaceOrientationLandscapeLeft UIInterfaceOrientationLandscapeRight";
				INFOPLIST_KEY_UISupportedInterfaceOrientations_iPhone = "UIInterfaceOrientationPortrait UIInterfaceOrientationLandscapeLeft UIInterfaceOrientationLandscapeRight";
				LD_RUNPATH_SEARCH_PATHS = (
					"$(inherited)",
					"@executable_path/Frameworks",
				);
				MARKETING_VERSION = 1.0;
				PRODUCT_BUNDLE_IDENTIFIER = com.younuzbn.zoople;
				PRODUCT_NAME = "$(TARGET_NAME)";
				SWIFT_EMIT_LOC_STRINGS = YES;
				SWIFT_VERSION = 5.0;
				TARGETED_DEVICE_FAMILY = "1,2";
			};
			name = Release;
		};
/* End XCBuildConfiguration section */

/* Begin XCConfigurationList section */
		D5A70DD32BFCB5D600AEFF7E /* Build configuration list for PBXProject "zoople" */ = {
			isa = XCConfigurationList;
			buildConfigurations = (
				D5A70DE42BFCB5D700AEFF7E /* Debug */,
				D5A70DE52BFCB5D700AEFF7E /* Release */,
			);
			defaultConfigurationIsVisible = 0;
			defaultConfigurationName = Release;
		};
		D5A70DE62BFCB5D700AEFF7E /* Build configuration list for PBXNativeTarget "zoople" */ = {
			isa = XCConfigurationList;
			buildConfigurations = (
				D5A70DE72BFCB5D700AEFF7E /* Debug */,
				D5A70DE82BFCB5D700AEFF7E /* Release */,
			);
			defaultConfigurationIsVisible = 0;
			defaultConfigurationName = Release;
		};
/* End XCConfigurationList section */

/* Begin XCRemoteSwiftPackageReference section */
		D5CD2C372BFE197400E66235 /* XCRemoteSwiftPackageReference "firebase-ios-sdk" */ = {
			isa = XCRemoteSwiftPackageReference;
			repositoryURL = "https://github.com/firebase/firebase-ios-sdk";
			requirement = {
				kind = upToNextMajorVersion;
				minimumVersion = 10.26.0;
			};
		};
/* End XCRemoteSwiftPackageReference section */

/* Begin XCSwiftPackageProductDependency section */
		D5CD2C382BFE197400E66235 /* FirebaseAuth */ = {
			isa = XCSwiftPackageProductDependency;
			package = D5CD2C372BFE197400E66235 /* XCRemoteSwiftPackageReference "firebase-ios-sdk" */;
			productName = FirebaseAuth;
		};
		D5CD2C3A2BFE197400E66235 /* FirebaseFirestore */ = {
			isa = XCSwiftPackageProductDependency;
			package = D5CD2C372BFE197400E66235 /* XCRemoteSwiftPackageReference "firebase-ios-sdk" */;
			productName = FirebaseFirestore;
		};
		D5CD2C3C2BFE197400E66235 /* FirebaseFirestoreSwift */ = {
			isa = XCSwiftPackageProductDependency;
			package = D5CD2C372BFE197400E66235 /* XCRemoteSwiftPackageReference "firebase-ios-sdk" */;
			productName = FirebaseFirestoreSwift;
		};
		D5CD2C3E2BFE197400E66235 /* FirebaseMessaging */ = {
			isa = XCSwiftPackageProductDependency;
			package = D5CD2C372BFE197400E66235 /* XCRemoteSwiftPackageReference "firebase-ios-sdk" */;
			productName = FirebaseMessaging;
		};
/* End XCSwiftPackageProductDependency section */
	};
	rootObject = D5A70DD02BFCB5D600AEFF7E /* Project object */;
}
